
Microsoft Visual Studio Solution File, Format Version 12.00
# Visual Studio Version 16
VisualStudioVersion = 16.0.32929.386
MinimumVisualStudioVersion = 10.0.40219.1
Project("{8BC9CEB8-8B4A-11D0-8D11-00A0C91BC942}") = "YRpp-Spawner", "Spawner.vcxproj", "{264BD0D2-4BF7-4CFF-B33E-95A018BEA951}"
EndProject
Global
	GlobalSection(SolutionConfigurationPlatforms) = preSolution
		Debug|x86 = Debug|x86
		Debug-Hardened|x86 = Debug-Hardened|x86
		Debug-CnCNetYR|x86 = Debug-CnCNetYR|x86
		Debug-CnCNetYR-Hardened|x86 = Debug-CnCNetYR-Hardened|x86
		DevBuild|x86 = DevBuild|x86
		DevBuild-Hardened|x86 = DevBuild-Hardened|x86
		DevBuild-CnCNetYR|x86 = DevBuild-CnCNetYR|x86
		DevBuild-CnCNetYR-Hardened|x86 = DevBuild-CnCNetYR-Hardened|x86
		Release|x86 = Release|x86
		Release-Hardened|x86 = Release-Hardened|x86
		Release-CnCNetYR|x86 = Release-CnCNetYR|x86
		Release-CnCNetYR-Hardened|x86 = Release-CnCNetYR-Hardened|x86
	EndGlobalSection
	GlobalSection(ProjectConfigurationPlatforms) = postSolution
		{264BD0D2-4BF7-4CFF-B33E-95A018BEA951}.Debug|x86.ActiveCfg = Debug|Win32
		{264BD0D2-4BF7-4CFF-B33E-95A018BEA951}.Debug|x86.Build.0 = Debug|Win32
		{264BD0D2-4BF7-4CFF-B33E-95A018BEA951}.Debug-Hardened|x86.ActiveCfg = Debug-Hardened|Win32
		{264BD0D2-4BF7-4CFF-B33E-95A018BEA951}.Debug-Hardened|x86.Build.0 = Debug-Hardened|Win32
		{264BD0D2-4BF7-4CFF-B33E-95A018BEA951}.Debug-CnCNetYR|x86.ActiveCfg = Debug-CnCNetYR|Win32
		{264BD0D2-4BF7-4CFF-B33E-95A018BEA951}.Debug-CnCNetYR|x86.Build.0 = Debug-CnCNetYR|Win32
		{264BD0D2-4BF7-4CFF-B33E-95A018BEA951}.Debug-CnCNetYR-Hardened|x86.ActiveCfg = Debug-CnCNetYR-Hardened|Win32
		{264BD0D2-4BF7-4CFF-B33E-95A018BEA951}.Debug-CnCNetYR-Hardened|x86.Build.0 = Debug-CnCNetYR-Hardened|Win32
		{264BD0D2-4BF7-4CFF-B33E-95A018BEA951}.DevBuild|x86.ActiveCfg = DevBuild|Win32
		{264BD0D2-4BF7-4CFF-B33E-95A018BEA951}.DevBuild|x86.Build.0 = DevBuild|Win32
		{264BD0D2-4BF7-4CFF-B33E-95A018BEA951}.DevBuild-Hardened|x86.ActiveCfg = DevBuild-Hardened|Win32
		{264BD0D2-4BF7-4CFF-B33E-95A018BEA951}.DevBuild-Hardened|x86.Build.0 = DevBuild-Hardened|Win32
		{264BD0D2-4BF7-4CFF-B33E-95A018BEA951}.DevBuild-CnCNetYR|x86.ActiveCfg = DevBuild-CnCNetYR|Win32
		{264BD0D2-4BF7-4CFF-B33E-95A018BEA951}.DevBuild-CnCNetYR|x86.Build.0 = DevBuild-CnCNetYR|Win32
		{264BD0D2-4BF7-4CFF-B33E-95A018BEA951}.DevBuild-CnCNetYR-Hardened|x86.ActiveCfg = DevBuild-CnCNetYR-Hardened|Win32
		{264BD0D2-4BF7-4CFF-B33E-95A018BEA951}.DevBuild-CnCNetYR-Hardened|x86.Build.0 = DevBuild-CnCNetYR-Hardened|Win32
		{264BD0D2-4BF7-4CFF-B33E-95A018BEA951}.Release|x86.ActiveCfg = Release|Win32
		{264BD0D2-4BF7-4CFF-B33E-95A018BEA951}.Release|x86.Build.0 = Release|Win32
		{264BD0D2-4BF7-4CFF-B33E-95A018BEA951}.Release-Hardened|x86.ActiveCfg = Release-Hardened|Win32
		{264BD0D2-4BF7-4CFF-B33E-95A018BEA951}.Release-Hardened|x86.Build.0 = Release-Hardened|Win32
		{264BD0D2-4BF7-4CFF-B33E-95A018BEA951}.Release-CnCNetYR|x86.ActiveCfg = Release-CnCNetYR|Win32
		{264BD0D2-4BF7-4CFF-B33E-95A018BEA951}.Release-CnCNetYR|x86.Build.0 = Release-CnCNetYR|Win32
		{264BD0D2-4BF7-4CFF-B33E-95A018BEA951}.Release-CnCNetYR-Hardened|x86.ActiveCfg = Release-CnCNetYR-Hardened|Win32
		{264BD0D2-4BF7-4CFF-B33E-95A018BEA951}.Release-CnCNetYR-Hardened|x86.Build.0 = Release-CnCNetYR-Hardened|Win32
	EndGlobalSection
	GlobalSection(SolutionProperties) = preSolution
		HideSolutionNode = FALSE
	EndGlobalSection
	GlobalSection(ExtensibilityGlobals) = postSolution
		SolutionGuid = {F9F4DADE-323D-4CE6-9570-7B5914702E8D}
	EndGlobalSection
EndGlobal
